
Microsoft Visual Studio Solution File, Format Version 12.00
# Visual Studio Version 17
VisualStudioVersion = 17.3.32825.248
MinimumVisualStudioVersion = 10.0.40219.1
Project("{9A19103F-16F7-4668-BE54-9A1E7A4F7556}") = "DataBundle", "DataBundle\DataBundle.csproj", "{92419FCE-8FCC-4A18-8CB3-EABC82177512}"
EndProject
Project("{9A19103F-16F7-4668-BE54-9A1E7A4F7556}") = "DataBundleAPI", "DataBundleAPI\DataBundleAPI\DataBundleAPI.csproj", "{16FC0730-C70C-4EE9-8895-8D732DF994B2}"
EndProject
Project("{9A19103F-16F7-4668-BE54-9A1E7A4F7556}") = "DataBundle.BL", "DataBundleAPI\DataBundle.BL\DataBundle.BL.csproj", "{A7D42D22-8DB5-43BC-83D0-4868CEA2D17A}"
EndProject
Project("{9A19103F-16F7-4668-BE54-9A1E7A4F7556}") = "DataBundle.DAL", "DataBundleAPI\DataBundle.DAL\DataBundle.DAL.csproj", "{CD1F4F87-0555-4AAA-8245-8681A680F620}"
EndProject
Global
	GlobalSection(SolutionConfigurationPlatforms) = preSolution
		Debug|Any CPU = Debug|Any CPU
		Release|Any CPU = Release|Any CPU
	EndGlobalSection
	GlobalSection(ProjectConfigurationPlatforms) = postSolution
		{92419FCE-8FCC-4A18-8CB3-EABC82177512}.Debug|Any CPU.ActiveCfg = Debug|Any CPU
		{92419FCE-8FCC-4A18-8CB3-EABC82177512}.Debug|Any CPU.Build.0 = Debug|Any CPU
		{92419FCE-8FCC-4A18-8CB3-EABC82177512}.Release|Any CPU.ActiveCfg = Release|Any CPU
		{92419FCE-8FCC-4A18-8CB3-EABC82177512}.Release|Any CPU.Build.0 = Release|Any CPU
		{16FC0730-C70C-4EE9-8895-8D732DF994B2}.Debug|Any CPU.ActiveCfg = Debug|Any CPU
		{16FC0730-C70C-4EE9-8895-8D732DF994B2}.Debug|Any CPU.Build.0 = Debug|Any CPU
		{16FC0730-C70C-4EE9-8895-8D732DF994B2}.Release|Any CPU.ActiveCfg = Release|Any CPU
		{16FC0730-C70C-4EE9-8895-8D732DF994B2}.Release|Any CPU.Build.0 = Release|Any CPU
		{A7D42D22-8DB5-43BC-83D0-4868CEA2D17A}.Debug|Any CPU.ActiveCfg = Debug|Any CPU
		{A7D42D22-8DB5-43BC-83D0-4868CEA2D17A}.Debug|Any CPU.Build.0 = Debug|Any CPU
		{A7D42D22-8DB5-43BC-83D0-4868CEA2D17A}.Release|Any CPU.ActiveCfg = Release|Any CPU
		{A7D42D22-8DB5-43BC-83D0-4868CEA2D17A}.Release|Any CPU.Build.0 = Release|Any CPU
		{CD1F4F87-0555-4AAA-8245-8681A680F620}.Debug|Any CPU.ActiveCfg = Debug|Any CPU
		{CD1F4F87-0555-4AAA-8245-8681A680F620}.Debug|Any CPU.Build.0 = Debug|Any CPU
		{CD1F4F87-0555-4AAA-8245-8681A680F620}.Release|Any CPU.ActiveCfg = Release|Any CPU
		{CD1F4F87-0555-4AAA-8245-8681A680F620}.Release|Any CPU.Build.0 = Release|Any CPU
	EndGlobalSection
	GlobalSection(SolutionProperties) = preSolution
		HideSolutionNode = FALSE
	EndGlobalSection
	GlobalSection(ExtensibilityGlobals) = postSolution
		SolutionGuid = {0C8EB0E8-6F21-4514-8C22-077E4BC166E3}
	EndGlobalSection
EndGlobal
